
Microsoft Visual Studio Solution File, Format Version 12.00
# Visual Studio 15
VisualStudioVersion = 15.0.27004.2005
MinimumVisualStudioVersion = 10.0.40219.1
Project("{8BC9CEB8-8B4A-11D0-8D11-00A0C91BC942}") = "Client", "Client\Client.vcxproj", "{8480370C-A5E8-49A3-9ADE-86237371AA5D}"
EndProject
Project("{8BC9CEB8-8B4A-11D0-8D11-00A0C91BC942}") = "Server", "Server\Server.vcxproj", "{B2764017-6AE4-4B7B-885C-1174A5374361}"
EndProject
Global
	GlobalSection(SolutionConfigurationPlatforms) = preSolution
		Debug|x64 = Debug|x64
		Debug|x86 = Debug|x86
		Release|x64 = Release|x64
		Release|x86 = Release|x86
	EndGlobalSection
	GlobalSection(ProjectConfigurationPlatforms) = postSolution
		{8480370C-A5E8-49A3-9ADE-86237371AA5D}.Debug|x64.ActiveCfg = Debug|x64
		{8480370C-A5E8-49A3-9ADE-86237371AA5D}.Debug|x64.Build.0 = Debug|x64
		{8480370C-A5E8-49A3-9ADE-86237371AA5D}.Debug|x86.ActiveCfg = Debug|Win32
		{8480370C-A5E8-49A3-9ADE-86237371AA5D}.Debug|x86.Build.0 = Debug|Win32
		{8480370C-A5E8-49A3-9ADE-86237371AA5D}.Release|x64.ActiveCfg = Release|x64
		{8480370C-A5E8-49A3-9ADE-86237371AA5D}.Release|x64.Build.0 = Release|x64
		{8480370C-A5E8-49A3-9ADE-86237371AA5D}.Release|x86.ActiveCfg = Release|Win32
		{8480370C-A5E8-49A3-9ADE-86237371AA5D}.Release|x86.Build.0 = Release|Win32
		{B2764017-6AE4-4B7B-885C-1174A5374361}.Debug|x64.ActiveCfg = Debug|x64
		{B2764017-6AE4-4B7B-885C-1174A5374361}.Debug|x64.Build.0 = Debug|x64
		{B2764017-6AE4-4B7B-885C-1174A5374361}.Debug|x86.ActiveCfg = Debug|Win32
		{B2764017-6AE4-4B7B-885C-1174A5374361}.Debug|x86.Build.0 = Debug|Win32
		{B2764017-6AE4-4B7B-885C-1174A5374361}.Release|x64.ActiveCfg = Release|x64
		{B2764017-6AE4-4B7B-885C-1174A5374361}.Release|x64.Build.0 = Release|x64
		{B2764017-6AE4-4B7B-885C-1174A5374361}.Release|x86.ActiveCfg = Release|Win32
		{B2764017-6AE4-4B7B-885C-1174A5374361}.Release|x86.Build.0 = Release|Win32
	EndGlobalSection
	GlobalSection(SolutionProperties) = preSolution
		HideSolutionNode = FALSE
	EndGlobalSection
	GlobalSection(ExtensibilityGlobals) = postSolution
		SolutionGuid = {D34CA301-3151-4129-A89F-A568C0A5AF1F}
	EndGlobalSection
EndGlobal
