
Microsoft Visual Studio Solution File, Format Version 12.00
# Visual Studio 15
VisualStudioVersion = 15.0.27004.2002
MinimumVisualStudioVersion = 10.0.40219.1
Project("{8BC9CEB8-8B4A-11D0-8D11-00A0C91BC942}") = "Client", "GBN_Console\GBN_Console.vcxproj", "{2BD9BBBA-0255-471B-8F1E-78CB3B43992D}"
EndProject
Project("{8BC9CEB8-8B4A-11D0-8D11-00A0C91BC942}") = "Server", "Server\Server.vcxproj", "{D486ACA1-E6C8-44DD-B657-98A839A04985}"
EndProject
Global
	GlobalSection(SolutionConfigurationPlatforms) = preSolution
		Debug|x64 = Debug|x64
		Debug|x86 = Debug|x86
		Release|x64 = Release|x64
		Release|x86 = Release|x86
	EndGlobalSection
	GlobalSection(ProjectConfigurationPlatforms) = postSolution
		{2BD9BBBA-0255-471B-8F1E-78CB3B43992D}.Debug|x64.ActiveCfg = Debug|x64
		{2BD9BBBA-0255-471B-8F1E-78CB3B43992D}.Debug|x64.Build.0 = Debug|x64
		{2BD9BBBA-0255-471B-8F1E-78CB3B43992D}.Debug|x86.ActiveCfg = Debug|Win32
		{2BD9BBBA-0255-471B-8F1E-78CB3B43992D}.Debug|x86.Build.0 = Debug|Win32
		{2BD9BBBA-0255-471B-8F1E-78CB3B43992D}.Release|x64.ActiveCfg = Release|x64
		{2BD9BBBA-0255-471B-8F1E-78CB3B43992D}.Release|x64.Build.0 = Release|x64
		{2BD9BBBA-0255-471B-8F1E-78CB3B43992D}.Release|x86.ActiveCfg = Release|Win32
		{2BD9BBBA-0255-471B-8F1E-78CB3B43992D}.Release|x86.Build.0 = Release|Win32
		{D486ACA1-E6C8-44DD-B657-98A839A04985}.Debug|x64.ActiveCfg = Debug|x64
		{D486ACA1-E6C8-44DD-B657-98A839A04985}.Debug|x64.Build.0 = Debug|x64
		{D486ACA1-E6C8-44DD-B657-98A839A04985}.Debug|x86.ActiveCfg = Debug|Win32
		{D486ACA1-E6C8-44DD-B657-98A839A04985}.Debug|x86.Build.0 = Debug|Win32
		{D486ACA1-E6C8-44DD-B657-98A839A04985}.Release|x64.ActiveCfg = Release|x64
		{D486ACA1-E6C8-44DD-B657-98A839A04985}.Release|x64.Build.0 = Release|x64
		{D486ACA1-E6C8-44DD-B657-98A839A04985}.Release|x86.ActiveCfg = Release|Win32
		{D486ACA1-E6C8-44DD-B657-98A839A04985}.Release|x86.Build.0 = Release|Win32
	EndGlobalSection
	GlobalSection(SolutionProperties) = preSolution
		HideSolutionNode = FALSE
	EndGlobalSection
	GlobalSection(ExtensibilityGlobals) = postSolution
		SolutionGuid = {31064257-FE86-4E6C-A407-A3239F71C556}
	EndGlobalSection
EndGlobal
